# THIS IS AN AUTOGENERATED FILE. DO NOT EDIT THIS FILE DIRECTLY.
# yarn lockfile v1


"@yarnpkg/lockfile@^1.0.2":
  version "1.0.2"
  resolved "http://r.npm.sankuai.com/@yarnpkg/lockfile/download/@yarnpkg/lockfile-1.0.2.tgz#833d163680a151d2441a2489f5fe5fa87ac87726"

semver@^5.5.0:
  version "5.5.0"
  resolved "http://r.npm.sankuai.com/semver/download/semver-5.5.0.tgz#dc4bbc7a6ca9d916dee5d43516f0092b58f7b8ab"
